
Microsoft Visual Studio Solution File, Format Version 12.00
# Visual Studio Version 17
VisualStudioVersion = 17.5.002.0
MinimumVisualStudioVersion = 10.0.40219.1
Project("{9A19103F-16F7-4668-BE54-9A1E7A4F7556}") = "ICT3101_Calculator", "ICT3101_Calculator\ICT3101_Calculator.csproj", "{6C32BD57-1551-4A76-BB4B-55E030298E74}"
EndProject
Project("{9A19103F-16F7-4668-BE54-9A1E7A4F7556}") = "ICT3101_Calculator.UnitTests", "ICT3101_Calculator.UnitTests\ICT3101_Calculator.UnitTests.csproj", "{CD609C46-60F3-40A7-9C5A-8AA08A0F41E4}"
EndProject
Project("{FAE04EC0-301F-11D3-BF4B-00C04F79EFBC}") = "SpecFlowCalculatorTests", "SpecFlowCalculatorTests\SpecFlowCalculatorTests.csproj", "{B1E8DD58-E80E-4195-8AFB-417F497F8DF1}"
EndProject
Global
	GlobalSection(SolutionConfigurationPlatforms) = preSolution
		Debug|Any CPU = Debug|Any CPU
		Release|Any CPU = Release|Any CPU
	EndGlobalSection
	GlobalSection(ProjectConfigurationPlatforms) = postSolution
		{6C32BD57-1551-4A76-BB4B-55E030298E74}.Debug|Any CPU.ActiveCfg = Debug|Any CPU
		{6C32BD57-1551-4A76-BB4B-55E030298E74}.Debug|Any CPU.Build.0 = Debug|Any CPU
		{6C32BD57-1551-4A76-BB4B-55E030298E74}.Release|Any CPU.ActiveCfg = Release|Any CPU
		{6C32BD57-1551-4A76-BB4B-55E030298E74}.Release|Any CPU.Build.0 = Release|Any CPU
		{CD609C46-60F3-40A7-9C5A-8AA08A0F41E4}.Debug|Any CPU.ActiveCfg = Debug|Any CPU
		{CD609C46-60F3-40A7-9C5A-8AA08A0F41E4}.Debug|Any CPU.Build.0 = Debug|Any CPU
		{CD609C46-60F3-40A7-9C5A-8AA08A0F41E4}.Release|Any CPU.ActiveCfg = Release|Any CPU
		{CD609C46-60F3-40A7-9C5A-8AA08A0F41E4}.Release|Any CPU.Build.0 = Release|Any CPU
		{B1E8DD58-E80E-4195-8AFB-417F497F8DF1}.Debug|Any CPU.ActiveCfg = Debug|Any CPU
		{B1E8DD58-E80E-4195-8AFB-417F497F8DF1}.Debug|Any CPU.Build.0 = Debug|Any CPU
		{B1E8DD58-E80E-4195-8AFB-417F497F8DF1}.Release|Any CPU.ActiveCfg = Release|Any CPU
		{B1E8DD58-E80E-4195-8AFB-417F497F8DF1}.Release|Any CPU.Build.0 = Release|Any CPU
	EndGlobalSection
	GlobalSection(SolutionProperties) = preSolution
		HideSolutionNode = FALSE
	EndGlobalSection
	GlobalSection(ExtensibilityGlobals) = postSolution
		SolutionGuid = {25D484DD-395C-44F4-B282-0DA0F59C3155}
	EndGlobalSection
EndGlobal
